
Microsoft Visual Studio Solution File, Format Version 12.00
# Visual Studio Version 17
VisualStudioVersion = 17.9.34723.18
MinimumVisualStudioVersion = 10.0.40219.1
Project("{FAE04EC0-301F-11D3-BF4B-00C04F79EFBC}") = "CA240523", "CA240523.csproj", "{068E4014-B3A0-4B50-8D6F-A4FADC4B6FAE}"
EndProject
Global
	GlobalSection(SolutionConfigurationPlatforms) = preSolution
		Debug|Any CPU = Debug|Any CPU
		Release|Any CPU = Release|Any CPU
	EndGlobalSection
	GlobalSection(ProjectConfigurationPlatforms) = postSolution
		{068E4014-B3A0-4B50-8D6F-A4FADC4B6FAE}.Debug|Any CPU.ActiveCfg = Debug|Any CPU
		{068E4014-B3A0-4B50-8D6F-A4FADC4B6FAE}.Debug|Any CPU.Build.0 = Debug|Any CPU
		{068E4014-B3A0-4B50-8D6F-A4FADC4B6FAE}.Release|Any CPU.ActiveCfg = Release|Any CPU
		{068E4014-B3A0-4B50-8D6F-A4FADC4B6FAE}.Release|Any CPU.Build.0 = Release|Any CPU
	EndGlobalSection
	GlobalSection(SolutionProperties) = preSolution
		HideSolutionNode = FALSE
	EndGlobalSection
	GlobalSection(ExtensibilityGlobals) = postSolution
		SolutionGuid = {515C2F9E-09AA-4CC7-8618-0140E1E53D47}
	EndGlobalSection
EndGlobal
